
Microsoft Visual Studio Solution File, Format Version 12.00
# Visual Studio Version 17
VisualStudioVersion = 17.11.35303.130
MinimumVisualStudioVersion = 10.0.40219.1
Project("{8BC9CEB8-8B4A-11D0-8D11-00A0C91BC942}") = "cool_programm_for_sure", "cool_programm_for_sure\cool_programm_for_sure.vcxproj", "{4E84433C-FA48-4265-B696-B81E5602D3EC}"
EndProject
Project("{8BC9CEB8-8B4A-11D0-8D11-00A0C91BC942}") = "THIS_LIBRARIE_IS_AWESOME", "THIS_LIBRARIE_IS_AWESOME\THIS_LIBRARIE_IS_AWESOME.vcxproj", "{1D01BDA4-F19C-4CD1-B144-4D8B2F9CDFD1}"
EndProject
Global
	GlobalSection(SolutionConfigurationPlatforms) = preSolution
		Debug|x64 = Debug|x64
		Debug|x86 = Debug|x86
		Release|x64 = Release|x64
		Release|x86 = Release|x86
	EndGlobalSection
	GlobalSection(ProjectConfigurationPlatforms) = postSolution
		{4E84433C-FA48-4265-B696-B81E5602D3EC}.Debug|x64.ActiveCfg = Debug|x64
		{4E84433C-FA48-4265-B696-B81E5602D3EC}.Debug|x64.Build.0 = Debug|x64
		{4E84433C-FA48-4265-B696-B81E5602D3EC}.Debug|x86.ActiveCfg = Debug|Win32
		{4E84433C-FA48-4265-B696-B81E5602D3EC}.Debug|x86.Build.0 = Debug|Win32
		{4E84433C-FA48-4265-B696-B81E5602D3EC}.Release|x64.ActiveCfg = Release|x64
		{4E84433C-FA48-4265-B696-B81E5602D3EC}.Release|x64.Build.0 = Release|x64
		{4E84433C-FA48-4265-B696-B81E5602D3EC}.Release|x86.ActiveCfg = Release|Win32
		{4E84433C-FA48-4265-B696-B81E5602D3EC}.Release|x86.Build.0 = Release|Win32
		{1D01BDA4-F19C-4CD1-B144-4D8B2F9CDFD1}.Debug|x64.ActiveCfg = Debug|x64
		{1D01BDA4-F19C-4CD1-B144-4D8B2F9CDFD1}.Debug|x64.Build.0 = Debug|x64
		{1D01BDA4-F19C-4CD1-B144-4D8B2F9CDFD1}.Debug|x86.ActiveCfg = Debug|Win32
		{1D01BDA4-F19C-4CD1-B144-4D8B2F9CDFD1}.Debug|x86.Build.0 = Debug|Win32
		{1D01BDA4-F19C-4CD1-B144-4D8B2F9CDFD1}.Release|x64.ActiveCfg = Release|x64
		{1D01BDA4-F19C-4CD1-B144-4D8B2F9CDFD1}.Release|x64.Build.0 = Release|x64
		{1D01BDA4-F19C-4CD1-B144-4D8B2F9CDFD1}.Release|x86.ActiveCfg = Release|Win32
		{1D01BDA4-F19C-4CD1-B144-4D8B2F9CDFD1}.Release|x86.Build.0 = Release|Win32
	EndGlobalSection
	GlobalSection(SolutionProperties) = preSolution
		HideSolutionNode = FALSE
	EndGlobalSection
	GlobalSection(ExtensibilityGlobals) = postSolution
		SolutionGuid = {1955E8AC-2035-4593-AE4D-C86558CAEB37}
	EndGlobalSection
EndGlobal
